
Microsoft Visual Studio Solution File, Format Version 12.00
# Visual Studio Version 17
VisualStudioVersion = 17.7.34018.315
MinimumVisualStudioVersion = 10.0.40219.1
Project("{9A19103F-16F7-4668-BE54-9A1E7A4F7556}") = "TestTaskWebAPI", "TestTaskWebAPI\TestTaskWebAPI.csproj", "{FD76FEAB-69A5-4509-8C07-1193A24817D9}"
EndProject
Project("{FAE04EC0-301F-11D3-BF4B-00C04F79EFBC}") = "Data", "Data\Data.csproj", "{02332B48-D3BC-4648-9339-643D668F43C1}"
EndProject
Project("{FAE04EC0-301F-11D3-BF4B-00C04F79EFBC}") = "Service", "Service\Service.csproj", "{67B9564E-F5FC-4982-BCD2-1E307E70BD80}"
EndProject
Global
	GlobalSection(SolutionConfigurationPlatforms) = preSolution
		Debug|Any CPU = Debug|Any CPU
		Release|Any CPU = Release|Any CPU
	EndGlobalSection
	GlobalSection(ProjectConfigurationPlatforms) = postSolution
		{FD76FEAB-69A5-4509-8C07-1193A24817D9}.Debug|Any CPU.ActiveCfg = Debug|Any CPU
		{FD76FEAB-69A5-4509-8C07-1193A24817D9}.Debug|Any CPU.Build.0 = Debug|Any CPU
		{FD76FEAB-69A5-4509-8C07-1193A24817D9}.Release|Any CPU.ActiveCfg = Release|Any CPU
		{FD76FEAB-69A5-4509-8C07-1193A24817D9}.Release|Any CPU.Build.0 = Release|Any CPU
		{02332B48-D3BC-4648-9339-643D668F43C1}.Debug|Any CPU.ActiveCfg = Debug|Any CPU
		{02332B48-D3BC-4648-9339-643D668F43C1}.Debug|Any CPU.Build.0 = Debug|Any CPU
		{02332B48-D3BC-4648-9339-643D668F43C1}.Release|Any CPU.ActiveCfg = Release|Any CPU
		{02332B48-D3BC-4648-9339-643D668F43C1}.Release|Any CPU.Build.0 = Release|Any CPU
		{67B9564E-F5FC-4982-BCD2-1E307E70BD80}.Debug|Any CPU.ActiveCfg = Debug|Any CPU
		{67B9564E-F5FC-4982-BCD2-1E307E70BD80}.Debug|Any CPU.Build.0 = Debug|Any CPU
		{67B9564E-F5FC-4982-BCD2-1E307E70BD80}.Release|Any CPU.ActiveCfg = Release|Any CPU
		{67B9564E-F5FC-4982-BCD2-1E307E70BD80}.Release|Any CPU.Build.0 = Release|Any CPU
	EndGlobalSection
	GlobalSection(SolutionProperties) = preSolution
		HideSolutionNode = FALSE
	EndGlobalSection
	GlobalSection(ExtensibilityGlobals) = postSolution
		SolutionGuid = {C23FF0FE-6F72-43AC-96A7-58F40A41C029}
	EndGlobalSection
EndGlobal
